<?xml version="1.0" encoding="utf-8"?>
<Project ToolsVersion="4.0" xmlns="http://schemas.microsoft.com/developer/msbuild/2003">
  <ItemGroup>
    <Filter Include="소스 파일">
      <UniqueIdentifier>{4FC737F1-C7A5-4376-A066-2A32D752A2FF}</UniqueIdentifier>
      <Extensions>cpp;c;cc;cxx;c++;cppm;ixx;def;odl;idl;hpj;bat;asm;asmx</Extensions>
    </Filter>
    <Filter Include="헤더 파일">
      <UniqueIdentifier>{93995380-89BD-4b04-88EB-625FBE52EBFB}</UniqueIdentifier>
      <Extensions>h;hh;hpp;hxx;h++;hm;inl;inc;ipp;xsd</Extensions>
    </Filter>
    <Filter Include="리소스 파일">
      <UniqueIdentifier>{67DA6AB6-F800-4c08-8B7A-83BB121AAD01}</UniqueIdentifier>
      <Extensions>rc;ico;cur;bmp;dlg;rc2;rct;bin;rgs;gif;jpg;jpeg;jpe;resx;tiff;tif;png;wav;mfcribbon-ms</Extensions>
    </Filter>
    <Filter Include="헤더 파일\Mouse">
      <UniqueIdentifier>{94ad2f2d-b298-436a-9aa0-6604e568ff23}</UniqueIdentifier>
    </Filter>
    <Filter Include="소스 파일\Mouse">
      <UniqueIdentifier>{521cf44d-777a-4782-87d1-4fc7b2cf0ddf}</UniqueIdentifier>
    </Filter>
  </ItemGroup>
  <ItemGroup>
    <ClCompile Include="DX_Main.cpp">
      <Filter>소스 파일</Filter>
    </ClCompile>
    <ClCompile Include="StringConverter.cpp">
      <Filter>소스 파일</Filter>
    </ClCompile>
    <ClCompile Include="ErrorLogger.cpp">
      <Filter>소스 파일</Filter>
    </ClCompile>
    <ClCompile Include="RenderWindow.cpp">
      <Filter>소스 파일</Filter>
    </ClCompile>
    <ClCompile Include="Engine.cpp">
      <Filter>소스 파일</Filter>
    </ClCompile>
    <ClCompile Include="WindowContainer.cpp">
      <Filter>소스 파일</Filter>
    </ClCompile>
    <ClCompile Include="KeyboardEvent.cpp">
      <Filter>소스 파일</Filter>
    </ClCompile>
    <ClCompile Include="KeyboardClass.cpp">
      <Filter>소스 파일</Filter>
    </ClCompile>
    <ClCompile Include="Mouse\MouseClass.cpp">
      <Filter>소스 파일</Filter>
    </ClCompile>
    <ClCompile Include="Mouse\MouseEvent.cpp">
      <Filter>소스 파일</Filter>
    </ClCompile>
    <ClCompile Include="Graphics\Graphics.cpp">
      <Filter>소스 파일</Filter>
    </ClCompile>
    <ClCompile Include="Graphics\AdapterReader.cpp">
      <Filter>소스 파일</Filter>
    </ClCompile>
  </ItemGroup>
  <ItemGroup>
    <ClInclude Include="StringConverter.h">
      <Filter>헤더 파일</Filter>
    </ClInclude>
    <ClInclude Include="ErrorLogger.h">
      <Filter>헤더 파일</Filter>
    </ClInclude>
    <ClInclude Include="RenderWindow.h">
      <Filter>헤더 파일</Filter>
    </ClInclude>
    <ClInclude Include="Engine.h">
      <Filter>헤더 파일</Filter>
    </ClInclude>
    <ClInclude Include="WindowContainer.h">
      <Filter>헤더 파일</Filter>
    </ClInclude>
    <ClInclude Include="KeyboardEvent.h">
      <Filter>헤더 파일</Filter>
    </ClInclude>
    <ClInclude Include="KeyboardClass.h">
      <Filter>헤더 파일</Filter>
    </ClInclude>
    <ClInclude Include="Mouse\MouseClass.h">
      <Filter>헤더 파일\Mouse</Filter>
    </ClInclude>
    <ClInclude Include="Mouse\MouseEvent.h">
      <Filter>헤더 파일\Mouse</Filter>
    </ClInclude>
    <ClInclude Include="Graphics\Graphics.h">
      <Filter>헤더 파일</Filter>
    </ClInclude>
    <ClInclude Include="Graphics\AdapterReader.h">
      <Filter>헤더 파일</Filter>
    </ClInclude>
    <ClInclude Include="Graphics\Vertex.h">
      <Filter>헤더 파일</Filter>
    </ClInclude>
  </ItemGroup>
</Project>